PODS:
  - AGFlowRouter (0.3.0):
    - PureLayout (= 3.0.2)
  - PureLayout (3.0.2)

DEPENDENCIES:
  - AGFlowRouter (from `../`)

EXTERNAL SOURCES:
  AGFlowRouter:
    :path: ../

SPEC CHECKSUMS:
  AGFlowRouter: e5b0cb2c11aca6e017bb85e1f83d50740d5d86b0
  PureLayout: 4d550abe49a94f24c2808b9b95db9131685fe4cd

PODFILE CHECKSUM: 38c40c0702e0e7ab67579cb69af80a0c8e51860d

COCOAPODS: 1.1.0.rc.2
