PODS:
  - AGFlowRouter (0.5.3):
    - PureLayout (= 3.0.2)
  - PureLayout (3.0.2)

DEPENDENCIES:
  - AGFlowRouter (from `../`)

EXTERNAL SOURCES:
  AGFlowRouter:
    :path: ../

SPEC CHECKSUMS:
  AGFlowRouter: 3f9eaaa00bb41ffc1ae7de1aeadfaf8e2357d5e7
  PureLayout: 4d550abe49a94f24c2808b9b95db9131685fe4cd

PODFILE CHECKSUM: 38c40c0702e0e7ab67579cb69af80a0c8e51860d

COCOAPODS: 1.2.1
